
Microsoft Visual Studio Solution File, Format Version 12.00
# Visual Studio Version 16
VisualStudioVersion = 16.0.30309.148
MinimumVisualStudioVersion = 10.0.40219.1
Project("{FAE04EC0-301F-11D3-BF4B-00C04F79EFBC}") = "Conversores no WFA", "Conversores no WFA.csproj", "{75716977-D31B-45D1-9F75-DF88F2980D2B}"
EndProject
Global
	GlobalSection(SolutionConfigurationPlatforms) = preSolution
		Debug|Any CPU = Debug|Any CPU
		Release|Any CPU = Release|Any CPU
	EndGlobalSection
	GlobalSection(ProjectConfigurationPlatforms) = postSolution
		{75716977-D31B-45D1-9F75-DF88F2980D2B}.Debug|Any CPU.ActiveCfg = Debug|Any CPU
		{75716977-D31B-45D1-9F75-DF88F2980D2B}.Debug|Any CPU.Build.0 = Debug|Any CPU
		{75716977-D31B-45D1-9F75-DF88F2980D2B}.Release|Any CPU.ActiveCfg = Release|Any CPU
		{75716977-D31B-45D1-9F75-DF88F2980D2B}.Release|Any CPU.Build.0 = Release|Any CPU
	EndGlobalSection
	GlobalSection(SolutionProperties) = preSolution
		HideSolutionNode = FALSE
	EndGlobalSection
	GlobalSection(ExtensibilityGlobals) = postSolution
		SolutionGuid = {54E50262-DB4F-4CF5-8F4C-0196E016ECAF}
	EndGlobalSection
EndGlobal
